{
  "name": "Roen-s-Website",
  "lockfileVersion": 3,
  "requires": true,
  "packages": {
    "": {
      "dependencies": {
        "shaders": "^3.2.470"
      }
    },
    "node_modules/shaders": {
      "version": "3.2.470",
      "resolved": "https://registry.npmjs.org/shaders/-/shaders-3.2.470.tgz",
      "integrity": "sha512-Qmqro6fwQW575Axue1RVMFsy1uiV1wxtHtEj/JWh5iPpIltA96fsIUznGKFF8tava4r5KAALP9wjdyF6ohDXyg==",
      "dependencies": {
        "typegpu": "0.12.3"
      },
      "bin": {
        "shaders": "dist/cli.js"
      },
      "peerDependencies": {
        "react": "^18.0.0 || ^19.0.0",
        "react-dom": "^18.0.0 || ^19.0.0",
        "solid-js": "^1.8.0",
        "svelte": "^5",
        "vue": "^3.5.0"
      },
      "peerDependenciesMeta": {
        "react": {
          "optional": true
        },
        "react-dom": {
          "optional": true
        },
        "solid-js": {
          "optional": true
        },
        "svelte": {
          "optional": true
        },
        "vue": {
          "optional": true
        }
      }
    },
    "node_modules/tinyest": {
      "version": "0.3.3",
      "resolved": "https://registry.npmjs.org/tinyest/-/tinyest-0.3.3.tgz",
      "integrity": "sha512-LUDiIzyDUQ1mGo8Bam9c7Dubid6Psx14zMzGNwwvOEmNs03FWNUtOrHVXd+TcCorzogQ24Rk0fcfdZ+9rGr1Fw==",
      "license": "MIT",
      "engines": {
        "node": ">=12.20.0"
      }
    },
    "node_modules/tsover-runtime": {
      "version": "0.0.7",
      "resolved": "https://registry.npmjs.org/tsover-runtime/-/tsover-runtime-0.0.7.tgz",
      "integrity": "sha512-FHHwMJzZbnP23+fU1PxXljy7j0RRRosL2r1/CRUNTqfW+l7m35JsUkM615x/cAzw4GqRdXPIl3axKMj9qzpZtQ==",
      "license": "Apache-2.0"
    },
    "node_modules/typed-binary": {
      "version": "4.3.3",
      "resolved": "https://registry.npmjs.org/typed-binary/-/typed-binary-4.3.3.tgz",
      "integrity": "sha512-W2hLsSzt3k/tg38gDE4Fn/QiwcoqGuUHBc2cb3mXuH7KcYxe/GM57vzW14s2/bawB4R5knGgGq8Xb57vsaJ4Sg==",
      "license": "MIT"
    },
    "node_modules/typegpu": {
      "version": "0.12.3",
      "resolved": "https://registry.npmjs.org/typegpu/-/typegpu-0.12.3.tgz",
      "integrity": "sha512-zYwQEhnPPwhq5vQKmollXRK1LCVjStOnL+2B0PiebqvAzYPr25rPNR4r3olLoow5sKKjyj3kzHKEcpD5SyDzGQ==",
      "license": "MIT",
      "dependencies": {
        "tinyest": "~0.3.2",
        "tsover-runtime": "^0.0.7",
        "typed-binary": "^4.3.3"
      },
      "bin": {
        "typegpu": "bin.mjs"
      },
      "engines": {
        "node": ">=12.20.0"
      }
    }
  }
}
